# Windows / CPython 3.12 verification lock generated on 2026-07-23.
# Install the application with: python -m pip install -r requirements.lock
--extra-index-url https://abetlen.github.io/llama-cpp-python/whl/cpu
aiohappyeyeballs==2.7.1
aiohttp==3.14.3
aiosignal==1.4.0
annotated-doc==0.0.4
annotated-types==0.7.0
anyio==4.14.2
attrs==26.1.0
certifi==2026.7.22
charset-normalizer==3.4.9
colorama==0.4.6
coverage==7.15.2
click==8.4.2
diskcache==5.6.3
edge-tts==7.2.8
fastapi==0.140.1
filelock==3.32.0
fsspec==2026.6.0
frozenlist==1.8.0
greenlet==3.5.4
h11==0.16.0
hf-xet==1.5.2
huggingface_hub==0.36.2
imageio-ffmpeg==0.6.0
idna==3.18
iniconfig==2.3.0
Jinja2==3.1.6
llama_cpp_python==0.3.34
loguru==0.7.3
markdown-it-py==4.2.0
MarkupSafe==3.0.3
mdurl==0.1.2
multidict==6.7.1
numpy==2.5.1
packaging==26.2
Pillow==12.0.0
pluggy==1.6.0
propcache==0.5.2
pydantic==2.13.4
pydantic-settings==2.14.2
pydantic_core==2.46.4
pypinyin==0.55.0
Pygments==2.20.0
pytest==8.4.2
pytest-cov==6.3.0
python-dotenv==1.2.2
PyYAML==6.0.3
requests==2.34.2
rich==15.0.0
ruff==0.15.22
shellingham==1.5.4
SQLAlchemy==2.0.51
sse-starlette==3.4.6
starlette==1.3.1
starlette-context==0.3.6
tabulate==0.10.0
tqdm==4.70.0
typer==0.27.0
typing-inspection==0.4.2
typing_extensions==4.16.0
urllib3==2.7.0
uvicorn==0.51.0
win32_setctime==1.2.0
yarl==1.24.5
